
Microsoft Visual Studio Solution File, Format Version 12.00
# Visual Studio 15
VisualStudioVersion = 15.0.28307.489
MinimumVisualStudioVersion = 10.0.40219.1
Project("{FAE04EC0-301F-11D3-BF4B-00C04F79EFBC}") = "KsiazkaKucharska.Android", "KsiazkaKucharska\KsiazkaKucharska.Android\KsiazkaKucharska.Android.csproj", "{2C88E0B6-BCB9-4366-B03F-D4878B8ED127}"
EndProject
Project("{FAE04EC0-301F-11D3-BF4B-00C04F79EFBC}") = "KsiazkaKucharska.iOS", "KsiazkaKucharska\KsiazkaKucharska.iOS\KsiazkaKucharska.iOS.csproj", "{EB989D99-B0C4-4C0D-B70D-4CD755994304}"
EndProject
Project("{FAE04EC0-301F-11D3-BF4B-00C04F79EFBC}") = "KsiazkaKucharska.UWP", "KsiazkaKucharska\KsiazkaKucharska.UWP\KsiazkaKucharska.UWP.csproj", "{6E653CD7-F89C-4282-822A-497385C887EA}"
EndProject
Project("{FAE04EC0-301F-11D3-BF4B-00C04F79EFBC}") = "KsiazkaKucharska", "KsiazkaKucharska\KsiazkaKucharska\KsiazkaKucharska.csproj", "{A265C13B-3468-4C62-8C6D-9A0215175AB4}"
EndProject
Project("{2150E333-8FDC-42A3-9474-1A3956D46DE8}") = "Solution Items", "Solution Items", "{544D362B-E971-4CB5-8F88-0DFA3D1A5ECA}"
EndProject
Global
	GlobalSection(SolutionConfigurationPlatforms) = preSolution
		Ad-Hoc|Any CPU = Ad-Hoc|Any CPU
		Ad-Hoc|ARM = Ad-Hoc|ARM
		Ad-Hoc|iPhone = Ad-Hoc|iPhone
		Ad-Hoc|iPhoneSimulator = Ad-Hoc|iPhoneSimulator
		Ad-Hoc|x64 = Ad-Hoc|x64
		Ad-Hoc|x86 = Ad-Hoc|x86
		AppStore|Any CPU = AppStore|Any CPU
		AppStore|ARM = AppStore|ARM
		AppStore|iPhone = AppStore|iPhone
		AppStore|iPhoneSimulator = AppStore|iPhoneSimulator
		AppStore|x64 = AppStore|x64
		AppStore|x86 = AppStore|x86
		Debug|Any CPU = Debug|Any CPU
		Debug|ARM = Debug|ARM
		Debug|iPhone = Debug|iPhone
		Debug|iPhoneSimulator = Debug|iPhoneSimulator
		Debug|x64 = Debug|x64
		Debug|x86 = Debug|x86
		Release|Any CPU = Release|Any CPU
		Release|ARM = Release|ARM
		Release|iPhone = Release|iPhone
		Release|iPhoneSimulator = Release|iPhoneSimulator
		Release|x64 = Release|x64
		Release|x86 = Release|x86
	EndGlobalSection
	GlobalSection(ProjectConfigurationPlatforms) = postSolution
		{2C88E0B6-BCB9-4366-B03F-D4878B8ED127}.Ad-Hoc|Any CPU.ActiveCfg = Release|Any CPU
		{2C88E0B6-BCB9-4366-B03F-D4878B8ED127}.Ad-Hoc|Any CPU.Build.0 = Release|Any CPU
		{2C88E0B6-BCB9-4366-B03F-D4878B8ED127}.Ad-Hoc|Any CPU.Deploy.0 = Release|Any CPU
		{2C88E0B6-BCB9-4366-B03F-D4878B8ED127}.Ad-Hoc|ARM.ActiveCfg = Release|Any CPU
		{2C88E0B6-BCB9-4366-B03F-D4878B8ED127}.Ad-Hoc|ARM.Build.0 = Release|Any CPU
		{2C88E0B6-BCB9-4366-B03F-D4878B8ED127}.Ad-Hoc|ARM.Deploy.0 = Release|Any CPU
		{2C88E0B6-BCB9-4366-B03F-D4878B8ED127}.Ad-Hoc|iPhone.ActiveCfg = Release|Any CPU
		{2C88E0B6-BCB9-4366-B03F-D4878B8ED127}.Ad-Hoc|iPhone.Build.0 = Release|Any CPU
		{2C88E0B6-BCB9-4366-B03F-D4878B8ED127}.Ad-Hoc|iPhone.Deploy.0 = Release|Any CPU
		{2C88E0B6-BCB9-4366-B03F-D4878B8ED127}.Ad-Hoc|iPhoneSimulator.ActiveCfg = Release|Any CPU
		{2C88E0B6-BCB9-4366-B03F-D4878B8ED127}.Ad-Hoc|iPhoneSimulator.Build.0 = Release|Any CPU
		{2C88E0B6-BCB9-4366-B03F-D4878B8ED127}.Ad-Hoc|iPhoneSimulator.Deploy.0 = Release|Any CPU
		{2C88E0B6-BCB9-4366-B03F-D4878B8ED127}.Ad-Hoc|x64.ActiveCfg = Release|Any CPU
		{2C88E0B6-BCB9-4366-B03F-D4878B8ED127}.Ad-Hoc|x64.Build.0 = Release|Any CPU
		{2C88E0B6-BCB9-4366-B03F-D4878B8ED127}.Ad-Hoc|x64.Deploy.0 = Release|Any CPU
		{2C88E0B6-BCB9-4366-B03F-D4878B8ED127}.Ad-Hoc|x86.ActiveCfg = Release|Any CPU
		{2C88E0B6-BCB9-4366-B03F-D4878B8ED127}.Ad-Hoc|x86.Build.0 = Release|Any CPU
		{2C88E0B6-BCB9-4366-B03F-D4878B8ED127}.Ad-Hoc|x86.Deploy.0 = Release|Any CPU
		{2C88E0B6-BCB9-4366-B03F-D4878B8ED127}.AppStore|Any CPU.ActiveCfg = Release|Any CPU
		{2C88E0B6-BCB9-4366-B03F-D4878B8ED127}.AppStore|Any CPU.Build.0 = Release|Any CPU
		{2C88E0B6-BCB9-4366-B03F-D4878B8ED127}.AppStore|Any CPU.Deploy.0 = Release|Any CPU
		{2C88E0B6-BCB9-4366-B03F-D4878B8ED127}.AppStore|ARM.ActiveCfg = Release|Any CPU
		{2C88E0B6-BCB9-4366-B03F-D4878B8ED127}.AppStore|ARM.Build.0 = Release|Any CPU
		{2C88E0B6-BCB9-4366-B03F-D4878B8ED127}.AppStore|ARM.Deploy.0 = Release|Any CPU
		{2C88E0B6-BCB9-4366-B03F-D4878B8ED127}.AppStore|iPhone.ActiveCfg = Release|Any CPU
		{2C88E0B6-BCB9-4366-B03F-D4878B8ED127}.AppStore|iPhone.Build.0 = Release|Any CPU
		{2C88E0B6-BCB9-4366-B03F-D4878B8ED127}.AppStore|iPhone.Deploy.0 = Release|Any CPU
		{2C88E0B6-BCB9-4366-B03F-D4878B8ED127}.AppStore|iPhoneSimulator.ActiveCfg = Release|Any CPU
		{2C88E0B6-BCB9-4366-B03F-D4878B8ED127}.AppStore|iPhoneSimulator.Build.0 = Release|Any CPU
		{2C88E0B6-BCB9-4366-B03F-D4878B8ED127}.AppStore|iPhoneSimulator.Deploy.0 = Release|Any CPU
		{2C88E0B6-BCB9-4366-B03F-D4878B8ED127}.AppStore|x64.ActiveCfg = Release|Any CPU
		{2C88E0B6-BCB9-4366-B03F-D4878B8ED127}.AppStore|x64.Build.0 = Release|Any CPU
		{2C88E0B6-BCB9-4366-B03F-D4878B8ED127}.AppStore|x64.Deploy.0 = Release|Any CPU
		{2C88E0B6-BCB9-4366-B03F-D4878B8ED127}.AppStore|x86.ActiveCfg = Release|Any CPU
		{2C88E0B6-BCB9-4366-B03F-D4878B8ED127}.AppStore|x86.Build.0 = Release|Any CPU
		{2C88E0B6-BCB9-4366-B03F-D4878B8ED127}.AppStore|x86.Deploy.0 = Release|Any CPU
		{2C88E0B6-BCB9-4366-B03F-D4878B8ED127}.Debug|Any CPU.ActiveCfg = Debug|Any CPU
		{2C88E0B6-BCB9-4366-B03F-D4878B8ED127}.Debug|Any CPU.Build.0 = Debug|Any CPU
		{2C88E0B6-BCB9-4366-B03F-D4878B8ED127}.Debug|Any CPU.Deploy.0 = Debug|Any CPU
		{2C88E0B6-BCB9-4366-B03F-D4878B8ED127}.Debug|ARM.ActiveCfg = Debug|Any CPU
		{2C88E0B6-BCB9-4366-B03F-D4878B8ED127}.Debug|ARM.Build.0 = Debug|Any CPU
		{2C88E0B6-BCB9-4366-B03F-D4878B8ED127}.Debug|ARM.Deploy.0 = Debug|Any CPU
		{2C88E0B6-BCB9-4366-B03F-D4878B8ED127}.Debug|iPhone.ActiveCfg = Debug|Any CPU
		{2C88E0B6-BCB9-4366-B03F-D4878B8ED127}.Debug|iPhone.Build.0 = Debug|Any CPU
		{2C88E0B6-BCB9-4366-B03F-D4878B8ED127}.Debug|iPhone.Deploy.0 = Debug|Any CPU
		{2C88E0B6-BCB9-4366-B03F-D4878B8ED127}.Debug|iPhoneSimulator.ActiveCfg = Debug|Any CPU
		{2C88E0B6-BCB9-4366-B03F-D4878B8ED127}.Debug|iPhoneSimulator.Build.0 = Debug|Any CPU
		{2C88E0B6-BCB9-4366-B03F-D4878B8ED127}.Debug|iPhoneSimulator.Deploy.0 = Debug|Any CPU
		{2C88E0B6-BCB9-4366-B03F-D4878B8ED127}.Debug|x64.ActiveCfg = Debug|Any CPU
		{2C88E0B6-BCB9-4366-B03F-D4878B8ED127}.Debug|x64.Build.0 = Debug|Any CPU
		{2C88E0B6-BCB9-4366-B03F-D4878B8ED127}.Debug|x64.Deploy.0 = Debug|Any CPU
		{2C88E0B6-BCB9-4366-B03F-D4878B8ED127}.Debug|x86.ActiveCfg = Debug|Any CPU
		{2C88E0B6-BCB9-4366-B03F-D4878B8ED127}.Debug|x86.Build.0 = Debug|Any CPU
		{2C88E0B6-BCB9-4366-B03F-D4878B8ED127}.Debug|x86.Deploy.0 = Debug|Any CPU
		{2C88E0B6-BCB9-4366-B03F-D4878B8ED127}.Release|Any CPU.ActiveCfg = Release|Any CPU
		{2C88E0B6-BCB9-4366-B03F-D4878B8ED127}.Release|Any CPU.Build.0 = Release|Any CPU
		{2C88E0B6-BCB9-4366-B03F-D4878B8ED127}.Release|Any CPU.Deploy.0 = Release|Any CPU
		{2C88E0B6-BCB9-4366-B03F-D4878B8ED127}.Release|ARM.ActiveCfg = Release|Any CPU
		{2C88E0B6-BCB9-4366-B03F-D4878B8ED127}.Release|ARM.Build.0 = Release|Any CPU
		{2C88E0B6-BCB9-4366-B03F-D4878B8ED127}.Release|ARM.Deploy.0 = Release|Any CPU
		{2C88E0B6-BCB9-4366-B03F-D4878B8ED127}.Release|iPhone.ActiveCfg = Release|Any CPU
		{2C88E0B6-BCB9-4366-B03F-D4878B8ED127}.Release|iPhone.Build.0 = Release|Any CPU
		{2C88E0B6-BCB9-4366-B03F-D4878B8ED127}.Release|iPhone.Deploy.0 = Release|Any CPU
		{2C88E0B6-BCB9-4366-B03F-D4878B8ED127}.Release|iPhoneSimulator.ActiveCfg = Release|Any CPU
		{2C88E0B6-BCB9-4366-B03F-D4878B8ED127}.Release|iPhoneSimulator.Build.0 = Release|Any CPU
		{2C88E0B6-BCB9-4366-B03F-D4878B8ED127}.Release|iPhoneSimulator.Deploy.0 = Release|Any CPU
		{2C88E0B6-BCB9-4366-B03F-D4878B8ED127}.Release|x64.ActiveCfg = Release|Any CPU
		{2C88E0B6-BCB9-4366-B03F-D4878B8ED127}.Release|x64.Build.0 = Release|Any CPU
		{2C88E0B6-BCB9-4366-B03F-D4878B8ED127}.Release|x64.Deploy.0 = Release|Any CPU
		{2C88E0B6-BCB9-4366-B03F-D4878B8ED127}.Release|x86.ActiveCfg = Release|Any CPU
		{2C88E0B6-BCB9-4366-B03F-D4878B8ED127}.Release|x86.Build.0 = Release|Any CPU
		{2C88E0B6-BCB9-4366-B03F-D4878B8ED127}.Release|x86.Deploy.0 = Release|Any CPU
		{EB989D99-B0C4-4C0D-B70D-4CD755994304}.Ad-Hoc|Any CPU.ActiveCfg = Ad-Hoc|iPhone
		{EB989D99-B0C4-4C0D-B70D-4CD755994304}.Ad-Hoc|Any CPU.Build.0 = Ad-Hoc|iPhone
		{EB989D99-B0C4-4C0D-B70D-4CD755994304}.Ad-Hoc|Any CPU.Deploy.0 = Ad-Hoc|iPhone
		{EB989D99-B0C4-4C0D-B70D-4CD755994304}.Ad-Hoc|ARM.ActiveCfg = Ad-Hoc|iPhone
		{EB989D99-B0C4-4C0D-B70D-4CD755994304}.Ad-Hoc|ARM.Build.0 = Ad-Hoc|iPhone
		{EB989D99-B0C4-4C0D-B70D-4CD755994304}.Ad-Hoc|ARM.Deploy.0 = Ad-Hoc|iPhone
		{EB989D99-B0C4-4C0D-B70D-4CD755994304}.Ad-Hoc|iPhone.ActiveCfg = Ad-Hoc|iPhone
		{EB989D99-B0C4-4C0D-B70D-4CD755994304}.Ad-Hoc|iPhone.Build.0 = Ad-Hoc|iPhone
		{EB989D99-B0C4-4C0D-B70D-4CD755994304}.Ad-Hoc|iPhone.Deploy.0 = Ad-Hoc|iPhone
		{EB989D99-B0C4-4C0D-B70D-4CD755994304}.Ad-Hoc|iPhoneSimulator.ActiveCfg = Ad-Hoc|iPhoneSimulator
		{EB989D99-B0C4-4C0D-B70D-4CD755994304}.Ad-Hoc|iPhoneSimulator.Build.0 = Ad-Hoc|iPhoneSimulator
		{EB989D99-B0C4-4C0D-B70D-4CD755994304}.Ad-Hoc|iPhoneSimulator.Deploy.0 = Ad-Hoc|iPhoneSimulator
		{EB989D99-B0C4-4C0D-B70D-4CD755994304}.Ad-Hoc|x64.ActiveCfg = Ad-Hoc|iPhone
		{EB989D99-B0C4-4C0D-B70D-4CD755994304}.Ad-Hoc|x64.Build.0 = Ad-Hoc|iPhone
		{EB989D99-B0C4-4C0D-B70D-4CD755994304}.Ad-Hoc|x64.Deploy.0 = Ad-Hoc|iPhone
		{EB989D99-B0C4-4C0D-B70D-4CD755994304}.Ad-Hoc|x86.ActiveCfg = Ad-Hoc|iPhone
		{EB989D99-B0C4-4C0D-B70D-4CD755994304}.Ad-Hoc|x86.Build.0 = Ad-Hoc|iPhone
		{EB989D99-B0C4-4C0D-B70D-4CD755994304}.Ad-Hoc|x86.Deploy.0 = Ad-Hoc|iPhone
		{EB989D99-B0C4-4C0D-B70D-4CD755994304}.AppStore|Any CPU.ActiveCfg = AppStore|iPhone
		{EB989D99-B0C4-4C0D-B70D-4CD755994304}.AppStore|Any CPU.Build.0 = AppStore|iPhone
		{EB989D99-B0C4-4C0D-B70D-4CD755994304}.AppStore|Any CPU.Deploy.0 = AppStore|iPhone
		{EB989D99-B0C4-4C0D-B70D-4CD755994304}.AppStore|ARM.ActiveCfg = AppStore|iPhone
		{EB989D99-B0C4-4C0D-B70D-4CD755994304}.AppStore|ARM.Build.0 = AppStore|iPhone
		{EB989D99-B0C4-4C0D-B70D-4CD755994304}.AppStore|ARM.Deploy.0 = AppStore|iPhone
		{EB989D99-B0C4-4C0D-B70D-4CD755994304}.AppStore|iPhone.ActiveCfg = AppStore|iPhone
		{EB989D99-B0C4-4C0D-B70D-4CD755994304}.AppStore|iPhone.Build.0 = AppStore|iPhone
		{EB989D99-B0C4-4C0D-B70D-4CD755994304}.AppStore|iPhone.Deploy.0 = AppStore|iPhone
		{EB989D99-B0C4-4C0D-B70D-4CD755994304}.AppStore|iPhoneSimulator.ActiveCfg = AppStore|iPhoneSimulator
		{EB989D99-B0C4-4C0D-B70D-4CD755994304}.AppStore|iPhoneSimulator.Build.0 = AppStore|iPhoneSimulator
		{EB989D99-B0C4-4C0D-B70D-4CD755994304}.AppStore|iPhoneSimulator.Deploy.0 = AppStore|iPhoneSimulator
		{EB989D99-B0C4-4C0D-B70D-4CD755994304}.AppStore|x64.ActiveCfg = AppStore|iPhone
		{EB989D99-B0C4-4C0D-B70D-4CD755994304}.AppStore|x64.Build.0 = AppStore|iPhone
		{EB989D99-B0C4-4C0D-B70D-4CD755994304}.AppStore|x64.Deploy.0 = AppStore|iPhone
		{EB989D99-B0C4-4C0D-B70D-4CD755994304}.AppStore|x86.ActiveCfg = AppStore|iPhone
		{EB989D99-B0C4-4C0D-B70D-4CD755994304}.AppStore|x86.Build.0 = AppStore|iPhone
		{EB989D99-B0C4-4C0D-B70D-4CD755994304}.AppStore|x86.Deploy.0 = AppStore|iPhone
		{EB989D99-B0C4-4C0D-B70D-4CD755994304}.Debug|Any CPU.ActiveCfg = Debug|iPhoneSimulator
		{EB989D99-B0C4-4C0D-B70D-4CD755994304}.Debug|Any CPU.Build.0 = Debug|iPhoneSimulator
		{EB989D99-B0C4-4C0D-B70D-4CD755994304}.Debug|Any CPU.Deploy.0 = Debug|iPhoneSimulator
		{EB989D99-B0C4-4C0D-B70D-4CD755994304}.Debug|ARM.ActiveCfg = Debug|iPhone
		{EB989D99-B0C4-4C0D-B70D-4CD755994304}.Debug|ARM.Build.0 = Debug|iPhone
		{EB989D99-B0C4-4C0D-B70D-4CD755994304}.Debug|ARM.Deploy.0 = Debug|iPhone
		{EB989D99-B0C4-4C0D-B70D-4CD755994304}.Debug|iPhone.ActiveCfg = Debug|iPhone
		{EB989D99-B0C4-4C0D-B70D-4CD755994304}.Debug|iPhone.Build.0 = Debug|iPhone
		{EB989D99-B0C4-4C0D-B70D-4CD755994304}.Debug|iPhone.Deploy.0 = Debug|iPhone
		{EB989D99-B0C4-4C0D-B70D-4CD755994304}.Debug|iPhoneSimulator.ActiveCfg = Debug|iPhoneSimulator
		{EB989D99-B0C4-4C0D-B70D-4CD755994304}.Debug|iPhoneSimulator.Build.0 = Debug|iPhoneSimulator
		{EB989D99-B0C4-4C0D-B70D-4CD755994304}.Debug|iPhoneSimulator.Deploy.0 = Debug|iPhoneSimulator
		{EB989D99-B0C4-4C0D-B70D-4CD755994304}.Debug|x64.ActiveCfg = Debug|iPhone
		{EB989D99-B0C4-4C0D-B70D-4CD755994304}.Debug|x64.Build.0 = Debug|iPhone
		{EB989D99-B0C4-4C0D-B70D-4CD755994304}.Debug|x64.Deploy.0 = Debug|iPhone
		{EB989D99-B0C4-4C0D-B70D-4CD755994304}.Debug|x86.ActiveCfg = Debug|iPhone
		{EB989D99-B0C4-4C0D-B70D-4CD755994304}.Debug|x86.Build.0 = Debug|iPhone
		{EB989D99-B0C4-4C0D-B70D-4CD755994304}.Debug|x86.Deploy.0 = Debug|iPhone
		{EB989D99-B0C4-4C0D-B70D-4CD755994304}.Release|Any CPU.ActiveCfg = Release|iPhone
		{EB989D99-B0C4-4C0D-B70D-4CD755994304}.Release|Any CPU.Build.0 = Release|iPhone
		{EB989D99-B0C4-4C0D-B70D-4CD755994304}.Release|Any CPU.Deploy.0 = Release|iPhone
		{EB989D99-B0C4-4C0D-B70D-4CD755994304}.Release|ARM.ActiveCfg = Release|iPhone
		{EB989D99-B0C4-4C0D-B70D-4CD755994304}.Release|ARM.Build.0 = Release|iPhone
		{EB989D99-B0C4-4C0D-B70D-4CD755994304}.Release|ARM.Deploy.0 = Release|iPhone
		{EB989D99-B0C4-4C0D-B70D-4CD755994304}.Release|iPhone.ActiveCfg = Release|iPhone
		{EB989D99-B0C4-4C0D-B70D-4CD755994304}.Release|iPhone.Build.0 = Release|iPhone
		{EB989D99-B0C4-4C0D-B70D-4CD755994304}.Release|iPhone.Deploy.0 = Release|iPhone
		{EB989D99-B0C4-4C0D-B70D-4CD755994304}.Release|iPhoneSimulator.ActiveCfg = Release|iPhoneSimulator
		{EB989D99-B0C4-4C0D-B70D-4CD755994304}.Release|iPhoneSimulator.Build.0 = Release|iPhoneSimulator
		{EB989D99-B0C4-4C0D-B70D-4CD755994304}.Release|iPhoneSimulator.Deploy.0 = Release|iPhoneSimulator
		{EB989D99-B0C4-4C0D-B70D-4CD755994304}.Release|x64.ActiveCfg = Release|iPhone
		{EB989D99-B0C4-4C0D-B70D-4CD755994304}.Release|x64.Build.0 = Release|iPhone
		{EB989D99-B0C4-4C0D-B70D-4CD755994304}.Release|x64.Deploy.0 = Release|iPhone
		{EB989D99-B0C4-4C0D-B70D-4CD755994304}.Release|x86.ActiveCfg = Release|iPhone
		{EB989D99-B0C4-4C0D-B70D-4CD755994304}.Release|x86.Build.0 = Release|iPhone
		{EB989D99-B0C4-4C0D-B70D-4CD755994304}.Release|x86.Deploy.0 = Release|iPhone
		{6E653CD7-F89C-4282-822A-497385C887EA}.Ad-Hoc|Any CPU.ActiveCfg = Release|x86
		{6E653CD7-F89C-4282-822A-497385C887EA}.Ad-Hoc|Any CPU.Build.0 = Release|x86
		{6E653CD7-F89C-4282-822A-497385C887EA}.Ad-Hoc|Any CPU.Deploy.0 = Release|x86
		{6E653CD7-F89C-4282-822A-497385C887EA}.Ad-Hoc|ARM.ActiveCfg = Release|ARM
		{6E653CD7-F89C-4282-822A-497385C887EA}.Ad-Hoc|ARM.Build.0 = Release|ARM
		{6E653CD7-F89C-4282-822A-497385C887EA}.Ad-Hoc|ARM.Deploy.0 = Release|ARM
		{6E653CD7-F89C-4282-822A-497385C887EA}.Ad-Hoc|iPhone.ActiveCfg = Release|x86
		{6E653CD7-F89C-4282-822A-497385C887EA}.Ad-Hoc|iPhone.Build.0 = Release|x86
		{6E653CD7-F89C-4282-822A-497385C887EA}.Ad-Hoc|iPhone.Deploy.0 = Release|x86
		{6E653CD7-F89C-4282-822A-497385C887EA}.Ad-Hoc|iPhoneSimulator.ActiveCfg = Release|x86
		{6E653CD7-F89C-4282-822A-497385C887EA}.Ad-Hoc|iPhoneSimulator.Build.0 = Release|x86
		{6E653CD7-F89C-4282-822A-497385C887EA}.Ad-Hoc|iPhoneSimulator.Deploy.0 = Release|x86
		{6E653CD7-F89C-4282-822A-497385C887EA}.Ad-Hoc|x64.ActiveCfg = Release|x64
		{6E653CD7-F89C-4282-822A-497385C887EA}.Ad-Hoc|x64.Build.0 = Release|x64
		{6E653CD7-F89C-4282-822A-497385C887EA}.Ad-Hoc|x64.Deploy.0 = Release|x64
		{6E653CD7-F89C-4282-822A-497385C887EA}.Ad-Hoc|x86.ActiveCfg = Release|x86
		{6E653CD7-F89C-4282-822A-497385C887EA}.Ad-Hoc|x86.Build.0 = Release|x86
		{6E653CD7-F89C-4282-822A-497385C887EA}.Ad-Hoc|x86.Deploy.0 = Release|x86
		{6E653CD7-F89C-4282-822A-497385C887EA}.AppStore|Any CPU.ActiveCfg = Release|x86
		{6E653CD7-F89C-4282-822A-497385C887EA}.AppStore|Any CPU.Build.0 = Release|x86
		{6E653CD7-F89C-4282-822A-497385C887EA}.AppStore|Any CPU.Deploy.0 = Release|x86
		{6E653CD7-F89C-4282-822A-497385C887EA}.AppStore|ARM.ActiveCfg = Release|ARM
		{6E653CD7-F89C-4282-822A-497385C887EA}.AppStore|ARM.Build.0 = Release|ARM
		{6E653CD7-F89C-4282-822A-497385C887EA}.AppStore|ARM.Deploy.0 = Release|ARM
		{6E653CD7-F89C-4282-822A-497385C887EA}.AppStore|iPhone.ActiveCfg = Release|x86
		{6E653CD7-F89C-4282-822A-497385C887EA}.AppStore|iPhone.Build.0 = Release|x86
		{6E653CD7-F89C-4282-822A-497385C887EA}.AppStore|iPhone.Deploy.0 = Release|x86
		{6E653CD7-F89C-4282-822A-497385C887EA}.AppStore|iPhoneSimulator.ActiveCfg = Release|x86
		{6E653CD7-F89C-4282-822A-497385C887EA}.AppStore|iPhoneSimulator.Build.0 = Release|x86
		{6E653CD7-F89C-4282-822A-497385C887EA}.AppStore|iPhoneSimulator.Deploy.0 = Release|x86
		{6E653CD7-F89C-4282-822A-497385C887EA}.AppStore|x64.ActiveCfg = Release|x64
		{6E653CD7-F89C-4282-822A-497385C887EA}.AppStore|x64.Build.0 = Release|x64
		{6E653CD7-F89C-4282-822A-497385C887EA}.AppStore|x64.Deploy.0 = Release|x64
		{6E653CD7-F89C-4282-822A-497385C887EA}.AppStore|x86.ActiveCfg = Release|x86
		{6E653CD7-F89C-4282-822A-497385C887EA}.AppStore|x86.Build.0 = Release|x86
		{6E653CD7-F89C-4282-822A-497385C887EA}.AppStore|x86.Deploy.0 = Release|x86
		{6E653CD7-F89C-4282-822A-497385C887EA}.Debug|Any CPU.ActiveCfg = Debug|x86
		{6E653CD7-F89C-4282-822A-497385C887EA}.Debug|Any CPU.Build.0 = Debug|x86
		{6E653CD7-F89C-4282-822A-497385C887EA}.Debug|Any CPU.Deploy.0 = Debug|x86
		{6E653CD7-F89C-4282-822A-497385C887EA}.Debug|ARM.ActiveCfg = Debug|ARM
		{6E653CD7-F89C-4282-822A-497385C887EA}.Debug|ARM.Build.0 = Debug|ARM
		{6E653CD7-F89C-4282-822A-497385C887EA}.Debug|ARM.Deploy.0 = Debug|ARM
		{6E653CD7-F89C-4282-822A-497385C887EA}.Debug|iPhone.ActiveCfg = Debug|x86
		{6E653CD7-F89C-4282-822A-497385C887EA}.Debug|iPhone.Build.0 = Debug|x86
		{6E653CD7-F89C-4282-822A-497385C887EA}.Debug|iPhone.Deploy.0 = Debug|x86
		{6E653CD7-F89C-4282-822A-497385C887EA}.Debug|iPhoneSimulator.ActiveCfg = Debug|x86
		{6E653CD7-F89C-4282-822A-497385C887EA}.Debug|iPhoneSimulator.Build.0 = Debug|x86
		{6E653CD7-F89C-4282-822A-497385C887EA}.Debug|iPhoneSimulator.Deploy.0 = Debug|x86
		{6E653CD7-F89C-4282-822A-497385C887EA}.Debug|x64.ActiveCfg = Debug|x64
		{6E653CD7-F89C-4282-822A-497385C887EA}.Debug|x64.Build.0 = Debug|x64
		{6E653CD7-F89C-4282-822A-497385C887EA}.Debug|x64.Deploy.0 = Debug|x64
		{6E653CD7-F89C-4282-822A-497385C887EA}.Debug|x86.ActiveCfg = Debug|x86
		{6E653CD7-F89C-4282-822A-497385C887EA}.Debug|x86.Build.0 = Debug|x86
		{6E653CD7-F89C-4282-822A-497385C887EA}.Debug|x86.Deploy.0 = Debug|x86
		{6E653CD7-F89C-4282-822A-497385C887EA}.Release|Any CPU.ActiveCfg = Release|x86
		{6E653CD7-F89C-4282-822A-497385C887EA}.Release|Any CPU.Build.0 = Release|x86
		{6E653CD7-F89C-4282-822A-497385C887EA}.Release|Any CPU.Deploy.0 = Release|x86
		{6E653CD7-F89C-4282-822A-497385C887EA}.Release|ARM.ActiveCfg = Release|ARM
		{6E653CD7-F89C-4282-822A-497385C887EA}.Release|ARM.Build.0 = Release|ARM
		{6E653CD7-F89C-4282-822A-497385C887EA}.Release|ARM.Deploy.0 = Release|ARM
		{6E653CD7-F89C-4282-822A-497385C887EA}.Release|iPhone.ActiveCfg = Release|x86
		{6E653CD7-F89C-4282-822A-497385C887EA}.Release|iPhone.Build.0 = Release|x86
		{6E653CD7-F89C-4282-822A-497385C887EA}.Release|iPhone.Deploy.0 = Release|x86
		{6E653CD7-F89C-4282-822A-497385C887EA}.Release|iPhoneSimulator.ActiveCfg = Release|x86
		{6E653CD7-F89C-4282-822A-497385C887EA}.Release|iPhoneSimulator.Build.0 = Release|x86
		{6E653CD7-F89C-4282-822A-497385C887EA}.Release|iPhoneSimulator.Deploy.0 = Release|x86
		{6E653CD7-F89C-4282-822A-497385C887EA}.Release|x64.ActiveCfg = Release|x64
		{6E653CD7-F89C-4282-822A-497385C887EA}.Release|x64.Build.0 = Release|x64
		{6E653CD7-F89C-4282-822A-497385C887EA}.Release|x64.Deploy.0 = Release|x64
		{6E653CD7-F89C-4282-822A-497385C887EA}.Release|x86.ActiveCfg = Release|x86
		{6E653CD7-F89C-4282-822A-497385C887EA}.Release|x86.Build.0 = Release|x86
		{6E653CD7-F89C-4282-822A-497385C887EA}.Release|x86.Deploy.0 = Release|x86
		{A265C13B-3468-4C62-8C6D-9A0215175AB4}.Ad-Hoc|Any CPU.ActiveCfg = Debug|Any CPU
		{A265C13B-3468-4C62-8C6D-9A0215175AB4}.Ad-Hoc|Any CPU.Build.0 = Debug|Any CPU
		{A265C13B-3468-4C62-8C6D-9A0215175AB4}.Ad-Hoc|Any CPU.Deploy.0 = Debug|Any CPU
		{A265C13B-3468-4C62-8C6D-9A0215175AB4}.Ad-Hoc|ARM.ActiveCfg = Debug|Any CPU
		{A265C13B-3468-4C62-8C6D-9A0215175AB4}.Ad-Hoc|ARM.Build.0 = Debug|Any CPU
		{A265C13B-3468-4C62-8C6D-9A0215175AB4}.Ad-Hoc|ARM.Deploy.0 = Debug|Any CPU
		{A265C13B-3468-4C62-8C6D-9A0215175AB4}.Ad-Hoc|iPhone.ActiveCfg = Debug|Any CPU
		{A265C13B-3468-4C62-8C6D-9A0215175AB4}.Ad-Hoc|iPhone.Build.0 = Debug|Any CPU
		{A265C13B-3468-4C62-8C6D-9A0215175AB4}.Ad-Hoc|iPhone.Deploy.0 = Debug|Any CPU
		{A265C13B-3468-4C62-8C6D-9A0215175AB4}.Ad-Hoc|iPhoneSimulator.ActiveCfg = Debug|Any CPU
		{A265C13B-3468-4C62-8C6D-9A0215175AB4}.Ad-Hoc|iPhoneSimulator.Build.0 = Debug|Any CPU
		{A265C13B-3468-4C62-8C6D-9A0215175AB4}.Ad-Hoc|iPhoneSimulator.Deploy.0 = Debug|Any CPU
		{A265C13B-3468-4C62-8C6D-9A0215175AB4}.Ad-Hoc|x64.ActiveCfg = Debug|Any CPU
		{A265C13B-3468-4C62-8C6D-9A0215175AB4}.Ad-Hoc|x64.Build.0 = Debug|Any CPU
		{A265C13B-3468-4C62-8C6D-9A0215175AB4}.Ad-Hoc|x64.Deploy.0 = Debug|Any CPU
		{A265C13B-3468-4C62-8C6D-9A0215175AB4}.Ad-Hoc|x86.ActiveCfg = Debug|Any CPU
		{A265C13B-3468-4C62-8C6D-9A0215175AB4}.Ad-Hoc|x86.Build.0 = Debug|Any CPU
		{A265C13B-3468-4C62-8C6D-9A0215175AB4}.Ad-Hoc|x86.Deploy.0 = Debug|Any CPU
		{A265C13B-3468-4C62-8C6D-9A0215175AB4}.AppStore|Any CPU.ActiveCfg = Debug|Any CPU
		{A265C13B-3468-4C62-8C6D-9A0215175AB4}.AppStore|Any CPU.Build.0 = Debug|Any CPU
		{A265C13B-3468-4C62-8C6D-9A0215175AB4}.AppStore|Any CPU.Deploy.0 = Debug|Any CPU
		{A265C13B-3468-4C62-8C6D-9A0215175AB4}.AppStore|ARM.ActiveCfg = Debug|Any CPU
		{A265C13B-3468-4C62-8C6D-9A0215175AB4}.AppStore|ARM.Build.0 = Debug|Any CPU
		{A265C13B-3468-4C62-8C6D-9A0215175AB4}.AppStore|ARM.Deploy.0 = Debug|Any CPU
		{A265C13B-3468-4C62-8C6D-9A0215175AB4}.AppStore|iPhone.ActiveCfg = Debug|Any CPU
		{A265C13B-3468-4C62-8C6D-9A0215175AB4}.AppStore|iPhone.Build.0 = Debug|Any CPU
		{A265C13B-3468-4C62-8C6D-9A0215175AB4}.AppStore|iPhone.Deploy.0 = Debug|Any CPU
		{A265C13B-3468-4C62-8C6D-9A0215175AB4}.AppStore|iPhoneSimulator.ActiveCfg = Debug|Any CPU
		{A265C13B-3468-4C62-8C6D-9A0215175AB4}.AppStore|iPhoneSimulator.Build.0 = Debug|Any CPU
		{A265C13B-3468-4C62-8C6D-9A0215175AB4}.AppStore|iPhoneSimulator.Deploy.0 = Debug|Any CPU
		{A265C13B-3468-4C62-8C6D-9A0215175AB4}.AppStore|x64.ActiveCfg = Debug|Any CPU
		{A265C13B-3468-4C62-8C6D-9A0215175AB4}.AppStore|x64.Build.0 = Debug|Any CPU
		{A265C13B-3468-4C62-8C6D-9A0215175AB4}.AppStore|x64.Deploy.0 = Debug|Any CPU
		{A265C13B-3468-4C62-8C6D-9A0215175AB4}.AppStore|x86.ActiveCfg = Debug|Any CPU
		{A265C13B-3468-4C62-8C6D-9A0215175AB4}.AppStore|x86.Build.0 = Debug|Any CPU
		{A265C13B-3468-4C62-8C6D-9A0215175AB4}.AppStore|x86.Deploy.0 = Debug|Any CPU
		{A265C13B-3468-4C62-8C6D-9A0215175AB4}.Debug|Any CPU.ActiveCfg = Debug|Any CPU
		{A265C13B-3468-4C62-8C6D-9A0215175AB4}.Debug|Any CPU.Build.0 = Debug|Any CPU
		{A265C13B-3468-4C62-8C6D-9A0215175AB4}.Debug|Any CPU.Deploy.0 = Debug|Any CPU
		{A265C13B-3468-4C62-8C6D-9A0215175AB4}.Debug|ARM.ActiveCfg = Debug|Any CPU
		{A265C13B-3468-4C62-8C6D-9A0215175AB4}.Debug|ARM.Build.0 = Debug|Any CPU
		{A265C13B-3468-4C62-8C6D-9A0215175AB4}.Debug|ARM.Deploy.0 = Debug|Any CPU
		{A265C13B-3468-4C62-8C6D-9A0215175AB4}.Debug|iPhone.ActiveCfg = Debug|Any CPU
		{A265C13B-3468-4C62-8C6D-9A0215175AB4}.Debug|iPhone.Build.0 = Debug|Any CPU
		{A265C13B-3468-4C62-8C6D-9A0215175AB4}.Debug|iPhone.Deploy.0 = Debug|Any CPU
		{A265C13B-3468-4C62-8C6D-9A0215175AB4}.Debug|iPhoneSimulator.ActiveCfg = Debug|Any CPU
		{A265C13B-3468-4C62-8C6D-9A0215175AB4}.Debug|iPhoneSimulator.Build.0 = Debug|Any CPU
		{A265C13B-3468-4C62-8C6D-9A0215175AB4}.Debug|iPhoneSimulator.Deploy.0 = Debug|Any CPU
		{A265C13B-3468-4C62-8C6D-9A0215175AB4}.Debug|x64.ActiveCfg = Debug|Any CPU
		{A265C13B-3468-4C62-8C6D-9A0215175AB4}.Debug|x64.Build.0 = Debug|Any CPU
		{A265C13B-3468-4C62-8C6D-9A0215175AB4}.Debug|x64.Deploy.0 = Debug|Any CPU
		{A265C13B-3468-4C62-8C6D-9A0215175AB4}.Debug|x86.ActiveCfg = Debug|Any CPU
		{A265C13B-3468-4C62-8C6D-9A0215175AB4}.Debug|x86.Build.0 = Debug|Any CPU
		{A265C13B-3468-4C62-8C6D-9A0215175AB4}.Debug|x86.Deploy.0 = Debug|Any CPU
		{A265C13B-3468-4C62-8C6D-9A0215175AB4}.Release|Any CPU.ActiveCfg = Release|Any CPU
		{A265C13B-3468-4C62-8C6D-9A0215175AB4}.Release|Any CPU.Build.0 = Release|Any CPU
		{A265C13B-3468-4C62-8C6D-9A0215175AB4}.Release|Any CPU.Deploy.0 = Release|Any CPU
		{A265C13B-3468-4C62-8C6D-9A0215175AB4}.Release|ARM.ActiveCfg = Release|Any CPU
		{A265C13B-3468-4C62-8C6D-9A0215175AB4}.Release|ARM.Build.0 = Release|Any CPU
		{A265C13B-3468-4C62-8C6D-9A0215175AB4}.Release|ARM.Deploy.0 = Release|Any CPU
		{A265C13B-3468-4C62-8C6D-9A0215175AB4}.Release|iPhone.ActiveCfg = Release|Any CPU
		{A265C13B-3468-4C62-8C6D-9A0215175AB4}.Release|iPhone.Build.0 = Release|Any CPU
		{A265C13B-3468-4C62-8C6D-9A0215175AB4}.Release|iPhone.Deploy.0 = Release|Any CPU
		{A265C13B-3468-4C62-8C6D-9A0215175AB4}.Release|iPhoneSimulator.ActiveCfg = Release|Any CPU
		{A265C13B-3468-4C62-8C6D-9A0215175AB4}.Release|iPhoneSimulator.Build.0 = Release|Any CPU
		{A265C13B-3468-4C62-8C6D-9A0215175AB4}.Release|iPhoneSimulator.Deploy.0 = Release|Any CPU
		{A265C13B-3468-4C62-8C6D-9A0215175AB4}.Release|x64.ActiveCfg = Release|Any CPU
		{A265C13B-3468-4C62-8C6D-9A0215175AB4}.Release|x64.Build.0 = Release|Any CPU
		{A265C13B-3468-4C62-8C6D-9A0215175AB4}.Release|x64.Deploy.0 = Release|Any CPU
		{A265C13B-3468-4C62-8C6D-9A0215175AB4}.Release|x86.ActiveCfg = Release|Any CPU
		{A265C13B-3468-4C62-8C6D-9A0215175AB4}.Release|x86.Build.0 = Release|Any CPU
		{A265C13B-3468-4C62-8C6D-9A0215175AB4}.Release|x86.Deploy.0 = Release|Any CPU
	EndGlobalSection
	GlobalSection(SolutionProperties) = preSolution
		HideSolutionNode = FALSE
	EndGlobalSection
	GlobalSection(ExtensibilityGlobals) = postSolution
		SolutionGuid = {7E6792D0-FE7C-48DA-A83C-C6B1B9268711}
	EndGlobalSection
EndGlobal
